lockfileVersion: 5.4

specifiers:
 prettier: ^2.6.2

devDependencies:
 prettier: 2.8.1

packages:
 /prettier/2.8.1:
  resolution: { integrity: sha512-lqGoSJBQNJidqCHE80vqZJHWHRFoNYsSpP9AjFhlhi9ODCJA541svILes/+/1GM3VaL/abZi7cpFzOpdR9UPKg== }
  engines: { node: ">=10.13.0" }
  hasBin: true
  dev: true
